
Microsoft Visual Studio Solution File, Format Version 12.00
# Visual Studio Version 16
VisualStudioVersion = 16.0.32602.291
MinimumVisualStudioVersion = 10.0.40219.1
Project("{FAE04EC0-301F-11D3-BF4B-00C04F79EFBC}") = "MvcStok", "MvcStok\MvcStok.csproj", "{810F0778-78DF-44F2-B395-048799E7500A}"
EndProject
Global
	GlobalSection(SolutionConfigurationPlatforms) = preSolution
		Debug|Any CPU = Debug|Any CPU
		Release|Any CPU = Release|Any CPU
	EndGlobalSection
	GlobalSection(ProjectConfigurationPlatforms) = postSolution
		{810F0778-78DF-44F2-B395-048799E7500A}.Debug|Any CPU.ActiveCfg = Debug|Any CPU
		{810F0778-78DF-44F2-B395-048799E7500A}.Debug|Any CPU.Build.0 = Debug|Any CPU
		{810F0778-78DF-44F2-B395-048799E7500A}.Release|Any CPU.ActiveCfg = Release|Any CPU
		{810F0778-78DF-44F2-B395-048799E7500A}.Release|Any CPU.Build.0 = Release|Any CPU
	EndGlobalSection
	GlobalSection(SolutionProperties) = preSolution
		HideSolutionNode = FALSE
	EndGlobalSection
	GlobalSection(ExtensibilityGlobals) = postSolution
		SolutionGuid = {70CED7C4-6056-4ED1-90EA-EEFC5BF61F19}
	EndGlobalSection
EndGlobal
